// !$*UTF8*$!
{
	archiveVersion = 1;
	classes = {
	};
	objectVersion = 50;
	objects = {

/* Begin PBXBuildFile section */
		1042EB7626B43E790054F7FD /* ItemColor.m in Sources */ = {isa = PBXBuildFile; fileRef = 1042EB7526B43E790054F7FD /* ItemColor.m */; };
		10508CB226B3EDF300D8A965 /* UIColor+CustomColor.m in Sources */ = {isa = PBXBuildFile; fileRef = 10508CB126B3EDF300D8A965 /* UIColor+CustomColor.m */; };
		105169C326B86BF60042AC17 /* ExitButton.swift in Sources */ = {isa = PBXBuildFile; fileRef = 105169C226B86BF60042AC17 /* ExitButton.swift */; };
		105169C526B937250042AC17 /* MainImage.swift in Sources */ = {isa = PBXBuildFile; fileRef = 105169C426B937250042AC17 /* MainImage.swift */; };
		105169C726B9853A0042AC17 /* ButtonGallery.swift in Sources */ = {isa = PBXBuildFile; fileRef = 105169C626B9853A0042AC17 /* ButtonGallery.swift */; };
		105169C926B9E0620042AC17 /* ImageViewController.swift in Sources */ = {isa = PBXBuildFile; fileRef = 105169C826B9E0620042AC17 /* ImageViewController.swift */; };
		105169CF26BACE5E0042AC17 /* CanvasView.swift in Sources */ = {isa = PBXBuildFile; fileRef = 105169CE26BACE5E0042AC17 /* CanvasView.swift */; };
		105169D226BB0C2F0042AC17 /* story-5-path.swift in Sources */ = {isa = PBXBuildFile; fileRef = 105169D126BB0C2F0042AC17 /* story-5-path.swift */; };
		105169D526BB13C00042AC17 /* story-6-path.swift in Sources */ = {isa = PBXBuildFile; fileRef = 105169D426BB13C00042AC17 /* story-6-path.swift */; };
		105169D726BB18210042AC17 /* s5-text.txt in Resources */ = {isa = PBXBuildFile; fileRef = 105169D626BB18210042AC17 /* s5-text.txt */; };
		105169D926BB18480042AC17 /* s5-title.txt in Resources */ = {isa = PBXBuildFile; fileRef = 105169D826BB18480042AC17 /* s5-title.txt */; };
		105169DB26BB1A490042AC17 /* s6-text.txt in Resources */ = {isa = PBXBuildFile; fileRef = 105169DA26BB1A490042AC17 /* s6-text.txt */; };
		105169DD26BB1A5C0042AC17 /* s6-title.txt in Resources */ = {isa = PBXBuildFile; fileRef = 105169DC26BB1A5C0042AC17 /* s6-title.txt */; };
		105E0B0826B8264600A4C087 /* DetailsViewController.swift in Sources */ = {isa = PBXBuildFile; fileRef = 105E0B0726B8264600A4C087 /* DetailsViewController.swift */; };
		1072396B26B151F100FDED9A /* AppDelegate.swift in Sources */ = {isa = PBXBuildFile; fileRef = 1072396A26B151F100FDED9A /* AppDelegate.swift */; };
		1072396D26B151F100FDED9A /* SceneDelegate.swift in Sources */ = {isa = PBXBuildFile; fileRef = 1072396C26B151F100FDED9A /* SceneDelegate.swift */; };
		1072397426B151F200FDED9A /* Assets.xcassets in Resources */ = {isa = PBXBuildFile; fileRef = 1072397326B151F200FDED9A /* Assets.xcassets */; };
		1072397726B151F200FDED9A /* LaunchScreen.storyboard in Resources */ = {isa = PBXBuildFile; fileRef = 1072397526B151F200FDED9A /* LaunchScreen.storyboard */; };
		1072398026B16FFF00FDED9A /* TabBarController.swift in Sources */ = {isa = PBXBuildFile; fileRef = 1072397F26B16FFF00FDED9A /* TabBarController.swift */; };
		1072398226B172F600FDED9A /* MainViewController.swift in Sources */ = {isa = PBXBuildFile; fileRef = 1072398126B172F600FDED9A /* MainViewController.swift */; };
		1096B8F926B6AB4F00DE33F3 /* ImageButton.swift in Sources */ = {isa = PBXBuildFile; fileRef = 1096B8F826B6AB4F00DE33F3 /* ImageButton.swift */; };
		10B1606F26B5B6DB00277B54 /* Data.swift in Sources */ = {isa = PBXBuildFile; fileRef = 10B1605D26B5B6DB00277B54 /* Data.swift */; };
		10B1607026B5B6DB00277B54 /* s3-text.txt in Resources */ = {isa = PBXBuildFile; fileRef = 10B1606026B5B6DB00277B54 /* s3-text.txt */; };
		10B1607126B5B6DB00277B54 /* s3-title.txt in Resources */ = {isa = PBXBuildFile; fileRef = 10B1606126B5B6DB00277B54 /* s3-title.txt */; };
		10B1607226B5B6DB00277B54 /* story-3-path.swift in Sources */ = {isa = PBXBuildFile; fileRef = 10B1606226B5B6DB00277B54 /* story-3-path.swift */; };
		10B1607326B5B6DB00277B54 /* s4-title.txt in Resources */ = {isa = PBXBuildFile; fileRef = 10B1606426B5B6DB00277B54 /* s4-title.txt */; };
		10B1607426B5B6DB00277B54 /* s4-text.txt in Resources */ = {isa = PBXBuildFile; fileRef = 10B1606526B5B6DB00277B54 /* s4-text.txt */; };
		10B1607526B5B6DB00277B54 /* story-4-path.swift in Sources */ = {isa = PBXBuildFile; fileRef = 10B1606626B5B6DB00277B54 /* story-4-path.swift */; };
		10B1607626B5B6DB00277B54 /* s2-title.txt in Resources */ = {isa = PBXBuildFile; fileRef = 10B1606826B5B6DB00277B54 /* s2-title.txt */; };
		10B1607726B5B6DB00277B54 /* s2-text.txt in Resources */ = {isa = PBXBuildFile; fileRef = 10B1606926B5B6DB00277B54 /* s2-text.txt */; };
		10B1607826B5B6DB00277B54 /* story-2-path.swift in Sources */ = {isa = PBXBuildFile; fileRef = 10B1606A26B5B6DB00277B54 /* story-2-path.swift */; };
		10B1607926B5B6DB00277B54 /* s1-text.txt in Resources */ = {isa = PBXBuildFile; fileRef = 10B1606C26B5B6DB00277B54 /* s1-text.txt */; };
		10B1607A26B5B6DB00277B54 /* story-1-path.swift in Sources */ = {isa = PBXBuildFile; fileRef = 10B1606D26B5B6DB00277B54 /* story-1-path.swift */; };
		10B1607B26B5B6DB00277B54 /* s1-title.txt in Resources */ = {isa = PBXBuildFile; fileRef = 10B1606E26B5B6DB00277B54 /* s1-title.txt */; };
		10D3163C26B1BA0100EEEB8C /* SettingsViewController.m in Sources */ = {isa = PBXBuildFile; fileRef = 10D3163B26B1BA0100EEEB8C /* SettingsViewController.m */; };
		10D3163F26B1D61500EEEB8C /* SettingsModuleViewController.m in Sources */ = {isa = PBXBuildFile; fileRef = 10D3163E26B1D61500EEEB8C /* SettingsModuleViewController.m */; };
		10D3164426B1E8E800EEEB8C /* ColorsViewController.m in Sources */ = {isa = PBXBuildFile; fileRef = 10D3164326B1E8E800EEEB8C /* ColorsViewController.m */; };
/* End PBXBuildFile section */

/* Begin PBXFileReference section */
		1042EB7426B43E790054F7FD /* ItemColor.h */ = {isa = PBXFileReference; lastKnownFileType = sourcecode.c.h; path = ItemColor.h; sourceTree = "<group>"; };
		1042EB7526B43E790054F7FD /* ItemColor.m */ = {isa = PBXFileReference; lastKnownFileType = sourcecode.c.objc; path = ItemColor.m; sourceTree = "<group>"; };
		10508CB026B3EDF300D8A965 /* UIColor+CustomColor.h */ = {isa = PBXFileReference; lastKnownFileType = sourcecode.c.h; path = "UIColor+CustomColor.h"; sourceTree = "<group>"; };
		10508CB126B3EDF300D8A965 /* UIColor+CustomColor.m */ = {isa = PBXFileReference; lastKnownFileType = sourcecode.c.objc; path = "UIColor+CustomColor.m"; sourceTree = "<group>"; };
		105169C226B86BF60042AC17 /* ExitButton.swift */ = {isa = PBXFileReference; lastKnownFileType = sourcecode.swift; path = ExitButton.swift; sourceTree = "<group>"; };
		105169C426B937250042AC17 /* MainImage.swift */ = {isa = PBXFileReference; lastKnownFileType = sourcecode.swift; path = MainImage.swift; sourceTree = "<group>"; };
		105169C626B9853A0042AC17 /* ButtonGallery.swift */ = {isa = PBXFileReference; lastKnownFileType = sourcecode.swift; path = ButtonGallery.swift; sourceTree = "<group>"; };
		105169C826B9E0620042AC17 /* ImageViewController.swift */ = {isa = PBXFileReference; lastKnownFileType = sourcecode.swift; path = ImageViewController.swift; sourceTree = "<group>"; };
		105169CE26BACE5E0042AC17 /* CanvasView.swift */ = {isa = PBXFileReference; lastKnownFileType = sourcecode.swift; path = CanvasView.swift; sourceTree = "<group>"; };
		105169D126BB0C2F0042AC17 /* story-5-path.swift */ = {isa = PBXFileReference; lastKnownFileType = sourcecode.swift; path = "story-5-path.swift"; sourceTree = "<group>"; };
		105169D426BB13C00042AC17 /* story-6-path.swift */ = {isa = PBXFileReference; lastKnownFileType = sourcecode.swift; path = "story-6-path.swift"; sourceTree = "<group>"; };
		105169D626BB18210042AC17 /* s5-text.txt */ = {isa = PBXFileReference; lastKnownFileType = text; path = "s5-text.txt"; sourceTree = "<group>"; };
		105169D826BB18480042AC17 /* s5-title.txt */ = {isa = PBXFileReference; lastKnownFileType = text; path = "s5-title.txt"; sourceTree = "<group>"; };
		105169DA26BB1A490042AC17 /* s6-text.txt */ = {isa = PBXFileReference; lastKnownFileType = text; path = "s6-text.txt"; sourceTree = "<group>"; };
		105169DC26BB1A5C0042AC17 /* s6-title.txt */ = {isa = PBXFileReference; lastKnownFileType = text; path = "s6-title.txt"; sourceTree = "<group>"; };
		105E0B0726B8264600A4C087 /* DetailsViewController.swift */ = {isa = PBXFileReference; lastKnownFileType = sourcecode.swift; path = DetailsViewController.swift; sourceTree = "<group>"; };
		1072396726B151F100FDED9A /* RSSchool_T9.app */ = {isa = PBXFileReference; explicitFileType = wrapper.application; includeInIndex = 0; path = RSSchool_T9.app; sourceTree = BUILT_PRODUCTS_DIR; };
		1072396A26B151F100FDED9A /* AppDelegate.swift */ = {isa = PBXFileReference; lastKnownFileType = sourcecode.swift; path = AppDelegate.swift; sourceTree = "<group>"; };
		1072396C26B151F100FDED9A /* SceneDelegate.swift */ = {isa = PBXFileReference; lastKnownFileType = sourcecode.swift; path = SceneDelegate.swift; sourceTree = "<group>"; };
		1072397326B151F200FDED9A /* Assets.xcassets */ = {isa = PBXFileReference; lastKnownFileType = folder.assetcatalog; path = Assets.xcassets; sourceTree = "<group>"; };
		1072397626B151F200FDED9A /* Base */ = {isa = PBXFileReference; lastKnownFileType = file.storyboard; name = Base; path = Base.lproj/LaunchScreen.storyboard; sourceTree = "<group>"; };
		1072397826B151F200FDED9A /* Info.plist */ = {isa = PBXFileReference; lastKnownFileType = text.plist.xml; path = Info.plist; sourceTree = "<group>"; };
		1072397F26B16FFF00FDED9A /* TabBarController.swift */ = {isa = PBXFileReference; lastKnownFileType = sourcecode.swift; path = TabBarController.swift; sourceTree = "<group>"; };
		1072398126B172F600FDED9A /* MainViewController.swift */ = {isa = PBXFileReference; lastKnownFileType = sourcecode.swift; path = MainViewController.swift; sourceTree = "<group>"; };
		1096B8F826B6AB4F00DE33F3 /* ImageButton.swift */ = {isa = PBXFileReference; lastKnownFileType = sourcecode.swift; path = ImageButton.swift; sourceTree = "<group>"; };
		10B1605D26B5B6DB00277B54 /* Data.swift */ = {isa = PBXFileReference; fileEncoding = 4; lastKnownFileType = sourcecode.swift; path = Data.swift; sourceTree = "<group>"; };
		10B1606026B5B6DB00277B54 /* s3-text.txt */ = {isa = PBXFileReference; fileEncoding = 4; lastKnownFileType = text; path = "s3-text.txt"; sourceTree = "<group>"; };
		10B1606126B5B6DB00277B54 /* s3-title.txt */ = {isa = PBXFileReference; fileEncoding = 4; lastKnownFileType = text; path = "s3-title.txt"; sourceTree = "<group>"; };
		10B1606226B5B6DB00277B54 /* story-3-path.swift */ = {isa = PBXFileReference; fileEncoding = 4; lastKnownFileType = sourcecode.swift; path = "story-3-path.swift"; sourceTree = "<group>"; };
		10B1606426B5B6DB00277B54 /* s4-title.txt */ = {isa = PBXFileReference; fileEncoding = 4; lastKnownFileType = text; path = "s4-title.txt"; sourceTree = "<group>"; };
		10B1606526B5B6DB00277B54 /* s4-text.txt */ = {isa = PBXFileReference; fileEncoding = 4; lastKnownFileType = text; path = "s4-text.txt"; sourceTree = "<group>"; };
		10B1606626B5B6DB00277B54 /* story-4-path.swift */ = {isa = PBXFileReference; fileEncoding = 4; lastKnownFileType = sourcecode.swift; path = "story-4-path.swift"; sourceTree = "<group>"; };
		10B1606826B5B6DB00277B54 /* s2-title.txt */ = {isa = PBXFileReference; fileEncoding = 4; lastKnownFileType = text; path = "s2-title.txt"; sourceTree = "<group>"; };
		10B1606926B5B6DB00277B54 /* s2-text.txt */ = {isa = PBXFileReference; fileEncoding = 4; lastKnownFileType = text; path = "s2-text.txt"; sourceTree = "<group>"; };
		10B1606A26B5B6DB00277B54 /* story-2-path.swift */ = {isa = PBXFileReference; fileEncoding = 4; lastKnownFileType = sourcecode.swift; path = "story-2-path.swift"; sourceTree = "<group>"; };
		10B1606C26B5B6DB00277B54 /* s1-text.txt */ = {isa = PBXFileReference; fileEncoding = 4; lastKnownFileType = text; path = "s1-text.txt"; sourceTree = "<group>"; };
		10B1606D26B5B6DB00277B54 /* story-1-path.swift */ = {isa = PBXFileReference; fileEncoding = 4; lastKnownFileType = sourcecode.swift; path = "story-1-path.swift"; sourceTree = "<group>"; };
		10B1606E26B5B6DB00277B54 /* s1-title.txt */ = {isa = PBXFileReference; fileEncoding = 4; lastKnownFileType = text; path = "s1-title.txt"; sourceTree = "<group>"; };
		10D3163926B1BA0100EEEB8C /* RSSchool_T9-Bridging-Header.h */ = {isa = PBXFileReference; lastKnownFileType = sourcecode.c.h; path = "RSSchool_T9-Bridging-Header.h"; sourceTree = "<group>"; };
		10D3163A26B1BA0100EEEB8C /* SettingsViewController.h */ = {isa = PBXFileReference; lastKnownFileType = sourcecode.c.h; path = SettingsViewController.h; sourceTree = "<group>"; };
		10D3163B26B1BA0100EEEB8C /* SettingsViewController.m */ = {isa = PBXFileReference; lastKnownFileType = sourcecode.c.objc; path = SettingsViewController.m; sourceTree = "<group>"; };
		10D3163D26B1D61500EEEB8C /* SettingsModuleViewController.h */ = {isa = PBXFileReference; lastKnownFileType = sourcecode.c.h; path = SettingsModuleViewController.h; sourceTree = "<group>"; };
		10D3163E26B1D61500EEEB8C /* SettingsModuleViewController.m */ = {isa = PBXFileReference; lastKnownFileType = sourcecode.c.objc; path = SettingsModuleViewController.m; sourceTree = "<group>"; };
		10D3164226B1E8E800EEEB8C /* ColorsViewController.h */ = {isa = PBXFileReference; lastKnownFileType = sourcecode.c.h; path = ColorsViewController.h; sourceTree = "<group>"; };
		10D3164326B1E8E800EEEB8C /* ColorsViewController.m */ = {isa = PBXFileReference; lastKnownFileType = sourcecode.c.objc; path = ColorsViewController.m; sourceTree = "<group>"; };
/* End PBXFileReference section */

/* Begin PBXFrameworksBuildPhase section */
		1072396426B151F100FDED9A /* Frameworks */ = {
			isa = PBXFrameworksBuildPhase;
			buildActionMask = 2147483647;
			files = (
			);
			runOnlyForDeploymentPostprocessing = 0;
		};
/* End PBXFrameworksBuildPhase section */

/* Begin PBXGroup section */
		1042EB7326B43E510054F7FD /* ItemColor */ = {
			isa = PBXGroup;
			children = (
				1042EB7426B43E790054F7FD /* ItemColor.h */,
				1042EB7526B43E790054F7FD /* ItemColor.m */,
			);
			path = ItemColor;
			sourceTree = "<group>";
		};
		10508CAF26B3EDC900D8A965 /* CustomColors */ = {
			isa = PBXGroup;
			children = (
				10508CB026B3EDF300D8A965 /* UIColor+CustomColor.h */,
				10508CB126B3EDF300D8A965 /* UIColor+CustomColor.m */,
			);
			path = CustomColors;
			sourceTree = "<group>";
		};
		105169D026BB0C0B0042AC17 /* story-5 */ = {
			isa = PBXGroup;
			children = (
				105169D126BB0C2F0042AC17 /* story-5-path.swift */,
				105169D626BB18210042AC17 /* s5-text.txt */,
				105169D826BB18480042AC17 /* s5-title.txt */,
			);
			path = "story-5";
			sourceTree = "<group>";
		};
		105169D326BB11570042AC17 /* story-6 */ = {
			isa = PBXGroup;
			children = (
				105169D426BB13C00042AC17 /* story-6-path.swift */,
				105169DA26BB1A490042AC17 /* s6-text.txt */,
				105169DC26BB1A5C0042AC17 /* s6-title.txt */,
			);
			path = "story-6";
			sourceTree = "<group>";
		};
		1072395E26B151F100FDED9A = {
			isa = PBXGroup;
			children = (
				1072396926B151F100FDED9A /* RSSchool_T9 */,
				1072396826B151F100FDED9A /* Products */,
			);
			sourceTree = "<group>";
		};
		1072396826B151F100FDED9A /* Products */ = {
			isa = PBXGroup;
			children = (
				1072396726B151F100FDED9A /* RSSchool_T9.app */,
			);
			name = Products;
			sourceTree = "<group>";
		};
		1072396926B151F100FDED9A /* RSSchool_T9 */ = {
			isa = PBXGroup;
			children = (
				1096B8F726B6AB1500DE33F3 /* Views */,
				10B1605C26B5B6DB00277B54 /* Data */,
				1072397E26B16FBF00FDED9A /* Controllers */,
				10B1607C26B5BD9600277B54 /* Default */,
			);
			path = RSSchool_T9;
			sourceTree = "<group>";
		};
		1072397E26B16FBF00FDED9A /* Controllers */ = {
			isa = PBXGroup;
			children = (
				10D3163826B1B9C500EEEB8C /* SettingsController */,
				1072397F26B16FFF00FDED9A /* TabBarController.swift */,
				1072398126B172F600FDED9A /* MainViewController.swift */,
				105E0B0726B8264600A4C087 /* DetailsViewController.swift */,
				105169C826B9E0620042AC17 /* ImageViewController.swift */,
			);
			path = Controllers;
			sourceTree = "<group>";
		};
		1096B8F726B6AB1500DE33F3 /* Views */ = {
			isa = PBXGroup;
			children = (
				1096B8F826B6AB4F00DE33F3 /* ImageButton.swift */,
				105169CE26BACE5E0042AC17 /* CanvasView.swift */,
				105169C226B86BF60042AC17 /* ExitButton.swift */,
				105169C426B937250042AC17 /* MainImage.swift */,
				105169C626B9853A0042AC17 /* ButtonGallery.swift */,
			);
			path = Views;
			sourceTree = "<group>";
		};
		10B1605C26B5B6DB00277B54 /* Data */ = {
			isa = PBXGroup;
			children = (
				10B1605D26B5B6DB00277B54 /* Data.swift */,
				10B1605E26B5B6DB00277B54 /* Static */,
			);
			path = Data;
			sourceTree = "<group>";
		};
		10B1605E26B5B6DB00277B54 /* Static */ = {
			isa = PBXGroup;
			children = (
				105169D326BB11570042AC17 /* story-6 */,
				105169D026BB0C0B0042AC17 /* story-5 */,
				10B1605F26B5B6DB00277B54 /* story-3 */,
				10B1606326B5B6DB00277B54 /* story-4 */,
				10B1606726B5B6DB00277B54 /* story-2 */,
				10B1606B26B5B6DB00277B54 /* story-1 */,
			);
			path = Static;
			sourceTree = "<group>";
		};
		10B1605F26B5B6DB00277B54 /* story-3 */ = {
			isa = PBXGroup;
			children = (
				10B1606026B5B6DB00277B54 /* s3-text.txt */,
				10B1606126B5B6DB00277B54 /* s3-title.txt */,
				10B1606226B5B6DB00277B54 /* story-3-path.swift */,
			);
			path = "story-3";
			sourceTree = "<group>";
		};
		10B1606326B5B6DB00277B54 /* story-4 */ = {
			isa = PBXGroup;
			children = (
				10B1606426B5B6DB00277B54 /* s4-title.txt */,
				10B1606526B5B6DB00277B54 /* s4-text.txt */,
				10B1606626B5B6DB00277B54 /* story-4-path.swift */,
			);
			path = "story-4";
			sourceTree = "<group>";
		};
		10B1606726B5B6DB00277B54 /* story-2 */ = {
			isa = PBXGroup;
			children = (
				10B1606826B5B6DB00277B54 /* s2-title.txt */,
				10B1606926B5B6DB00277B54 /* s2-text.txt */,
				10B1606A26B5B6DB00277B54 /* story-2-path.swift */,
			);
			path = "story-2";
			sourceTree = "<group>";
		};
		10B1606B26B5B6DB00277B54 /* story-1 */ = {
			isa = PBXGroup;
			children = (
				10B1606C26B5B6DB00277B54 /* s1-text.txt */,
				10B1606D26B5B6DB00277B54 /* story-1-path.swift */,
				10B1606E26B5B6DB00277B54 /* s1-title.txt */,
			);
			path = "story-1";
			sourceTree = "<group>";
		};
		10B1607C26B5BD9600277B54 /* Default */ = {
			isa = PBXGroup;
			children = (
				1072396A26B151F100FDED9A /* AppDelegate.swift */,
				1072396C26B151F100FDED9A /* SceneDelegate.swift */,
				1072397326B151F200FDED9A /* Assets.xcassets */,
				1072397526B151F200FDED9A /* LaunchScreen.storyboard */,
				1072397826B151F200FDED9A /* Info.plist */,
			);
			path = Default;
			sourceTree = "<group>";
		};
		10D3163826B1B9C500EEEB8C /* SettingsController */ = {
			isa = PBXGroup;
			children = (
				1042EB7326B43E510054F7FD /* ItemColor */,
				10508CAF26B3EDC900D8A965 /* CustomColors */,
				10D3164126B1E8C200EEEB8C /* ModuleColorsView */,
				10D3164026B1E89F00EEEB8C /* ModuleView */,
				10D3163A26B1BA0100EEEB8C /* SettingsViewController.h */,
				10D3163B26B1BA0100EEEB8C /* SettingsViewController.m */,
				10D3163926B1BA0100EEEB8C /* RSSchool_T9-Bridging-Header.h */,
			);
			path = SettingsController;
			sourceTree = "<group>";
		};
		10D3164026B1E89F00EEEB8C /* ModuleView */ = {
			isa = PBXGroup;
			children = (
				10D3163D26B1D61500EEEB8C /* SettingsModuleViewController.h */,
				10D3163E26B1D61500EEEB8C /* SettingsModuleViewController.m */,
			);
			path = ModuleView;
			sourceTree = "<group>";
		};
		10D3164126B1E8C200EEEB8C /* ModuleColorsView */ = {
			isa = PBXGroup;
			children = (
				10D3164226B1E8E800EEEB8C /* ColorsViewController.h */,
				10D3164326B1E8E800EEEB8C /* ColorsViewController.m */,
			);
			path = ModuleColorsView;
			sourceTree = "<group>";
		};
/* End PBXGroup section */

/* Begin PBXNativeTarget section */
		1072396626B151F100FDED9A /* RSSchool_T9 */ = {
			isa = PBXNativeTarget;
			buildConfigurationList = 1072397B26B151F200FDED9A /* Build configuration list for PBXNativeTarget "RSSchool_T9" */;
			buildPhases = (
				1072396326B151F100FDED9A /* Sources */,
				1072396426B151F100FDED9A /* Frameworks */,
				1072396526B151F100FDED9A /* Resources */,
			);
			buildRules = (
			);
			dependencies = (
			);
			name = RSSchool_T9;
			productName = RSSchool_T9;
			productReference = 1072396726B151F100FDED9A /* RSSchool_T9.app */;
			productType = "com.apple.product-type.application";
		};
/* End PBXNativeTarget section */

/* Begin PBXProject section */
		1072395F26B151F100FDED9A /* Project object */ = {
			isa = PBXProject;
			attributes = {
				LastSwiftUpdateCheck = 1250;
				LastUpgradeCheck = 1250;
				TargetAttributes = {
					1072396626B151F100FDED9A = {
						CreatedOnToolsVersion = 12.5.1;
						LastSwiftMigration = 1250;
					};
				};
			};
			buildConfigurationList = 1072396226B151F100FDED9A /* Build configuration list for PBXProject "RSSchool_T9" */;
			compatibilityVersion = "Xcode 9.3";
			developmentRegion = en;
			hasScannedForEncodings = 0;
			knownRegions = (
				en,
				Base,
			);
			mainGroup = 1072395E26B151F100FDED9A;
			productRefGroup = 1072396826B151F100FDED9A /* Products */;
			projectDirPath = "";
			projectRoot = "";
			targets = (
				1072396626B151F100FDED9A /* RSSchool_T9 */,
			);
		};
/* End PBXProject section */

/* Begin PBXResourcesBuildPhase section */
		1072396526B151F100FDED9A /* Resources */ = {
			isa = PBXResourcesBuildPhase;
			buildActionMask = 2147483647;
			files = (
				10B1607726B5B6DB00277B54 /* s2-text.txt in Resources */,
				105169DB26BB1A490042AC17 /* s6-text.txt in Resources */,
				10B1607626B5B6DB00277B54 /* s2-title.txt in Resources */,
				105169D726BB18210042AC17 /* s5-text.txt in Resources */,
				10B1607026B5B6DB00277B54 /* s3-text.txt in Resources */,
				1072397726B151F200FDED9A /* LaunchScreen.storyboard in Resources */,
				10B1607926B5B6DB00277B54 /* s1-text.txt in Resources */,
				10B1607426B5B6DB00277B54 /* s4-text.txt in Resources */,
				1072397426B151F200FDED9A /* Assets.xcassets in Resources */,
				10B1607326B5B6DB00277B54 /* s4-title.txt in Resources */,
				105169D926BB18480042AC17 /* s5-title.txt in Resources */,
				10B1607126B5B6DB00277B54 /* s3-title.txt in Resources */,
				105169DD26BB1A5C0042AC17 /* s6-title.txt in Resources */,
				10B1607B26B5B6DB00277B54 /* s1-title.txt in Resources */,
			);
			runOnlyForDeploymentPostprocessing = 0;
		};
/* End PBXResourcesBuildPhase section */

/* Begin PBXSourcesBuildPhase section */
		1072396326B151F100FDED9A /* Sources */ = {
			isa = PBXSourcesBuildPhase;
			buildActionMask = 2147483647;
			files = (
				105169D526BB13C00042AC17 /* story-6-path.swift in Sources */,
				105169C526B937250042AC17 /* MainImage.swift in Sources */,
				1072398026B16FFF00FDED9A /* TabBarController.swift in Sources */,
				105169C926B9E0620042AC17 /* ImageViewController.swift in Sources */,
				10D3164426B1E8E800EEEB8C /* ColorsViewController.m in Sources */,
				105169D226BB0C2F0042AC17 /* story-5-path.swift in Sources */,
				1072396B26B151F100FDED9A /* AppDelegate.swift in Sources */,
				10B1607226B5B6DB00277B54 /* story-3-path.swift in Sources */,
				10B1606F26B5B6DB00277B54 /* Data.swift in Sources */,
				10B1607526B5B6DB00277B54 /* story-4-path.swift in Sources */,
				105169CF26BACE5E0042AC17 /* CanvasView.swift in Sources */,
				10B1607826B5B6DB00277B54 /* story-2-path.swift in Sources */,
				1096B8F926B6AB4F00DE33F3 /* ImageButton.swift in Sources */,
				105169C726B9853A0042AC17 /* ButtonGallery.swift in Sources */,
				1042EB7626B43E790054F7FD /* ItemColor.m in Sources */,
				1072396D26B151F100FDED9A /* SceneDelegate.swift in Sources */,
				1072398226B172F600FDED9A /* MainViewController.swift in Sources */,
				105E0B0826B8264600A4C087 /* DetailsViewController.swift in Sources */,
				10D3163C26B1BA0100EEEB8C /* SettingsViewController.m in Sources */,
				10508CB226B3EDF300D8A965 /* UIColor+CustomColor.m in Sources */,
				10B1607A26B5B6DB00277B54 /* story-1-path.swift in Sources */,
				10D3163F26B1D61500EEEB8C /* SettingsModuleViewController.m in Sources */,
				105169C326B86BF60042AC17 /* ExitButton.swift in Sources */,
			);
			runOnlyForDeploymentPostprocessing = 0;
		};
/* End PBXSourcesBuildPhase section */

/* Begin PBXVariantGroup section */
		1072397526B151F200FDED9A /* LaunchScreen.storyboard */ = {
			isa = PBXVariantGroup;
			children = (
				1072397626B151F200FDED9A /* Base */,
			);
			name = LaunchScreen.storyboard;
			sourceTree = "<group>";
		};
/* End PBXVariantGroup section */

/* Begin XCBuildConfiguration section */
		1072397926B151F200FDED9A /* Debug */ = {
			isa = XCBuildConfiguration;
			buildSettings = {
				ALWAYS_SEARCH_USER_PATHS = NO;
				CLANG_ANALYZER_NONNULL = YES;
				CLANG_ANALYZER_NUMBER_OBJECT_CONVERSION = YES_AGGRESSIVE;
				CLANG_CXX_LANGUAGE_STANDARD = "gnu++14";
				CLANG_CXX_LIBRARY = "libc++";
				CLANG_ENABLE_MODULES = YES;
				CLANG_ENABLE_OBJC_ARC = YES;
				CLANG_ENABLE_OBJC_WEAK = YES;
				CLANG_WARN_BLOCK_CAPTURE_AUTORELEASING = YES;
				CLANG_WARN_BOOL_CONVERSION = YES;
				CLANG_WARN_COMMA = YES;
				CLANG_WARN_CONSTANT_CONVERSION = YES;
				CLANG_WARN_DEPRECATED_OBJC_IMPLEMENTATIONS = YES;
				CLANG_WARN_DIRECT_OBJC_ISA_USAGE = YES_ERROR;
				CLANG_WARN_DOCUMENTATION_COMMENTS = YES;
				CLANG_WARN_EMPTY_BODY = YES;
				CLANG_WARN_ENUM_CONVERSION = YES;
				CLANG_WARN_INFINITE_RECURSION = YES;
				CLANG_WARN_INT_CONVERSION = YES;
				CLANG_WARN_NON_LITERAL_NULL_CONVERSION = YES;
				CLANG_WARN_OBJC_IMPLICIT_RETAIN_SELF = YES;
				CLANG_WARN_OBJC_LITERAL_CONVERSION = YES;
				CLANG_WARN_OBJC_ROOT_CLASS = YES_ERROR;
				CLANG_WARN_QUOTED_INCLUDE_IN_FRAMEWORK_HEADER = YES;
				CLANG_WARN_RANGE_LOOP_ANALYSIS = YES;
				CLANG_WARN_STRICT_PROTOTYPES = YES;
				CLANG_WARN_SUSPICIOUS_MOVE = YES;
				CLANG_WARN_UNGUARDED_AVAILABILITY = YES_AGGRESSIVE;
				CLANG_WARN_UNREACHABLE_CODE = YES;
				CLANG_WARN__DUPLICATE_METHOD_MATCH = YES;
				COPY_PHASE_STRIP = NO;
				DEBUG_INFORMATION_FORMAT = dwarf;
				ENABLE_STRICT_OBJC_MSGSEND = YES;
				ENABLE_TESTABILITY = YES;
				GCC_C_LANGUAGE_STANDARD = gnu11;
				GCC_DYNAMIC_NO_PIC = NO;
				GCC_NO_COMMON_BLOCKS = YES;
				GCC_OPTIMIZATION_LEVEL = 0;
				GCC_PREPROCESSOR_DEFINITIONS = (
					"DEBUG=1",
					"$(inherited)",
				);
				GCC_WARN_64_TO_32_BIT_CONVERSION = YES;
				GCC_WARN_ABOUT_RETURN_TYPE = YES_ERROR;
				GCC_WARN_UNDECLARED_SELECTOR = YES;
				GCC_WARN_UNINITIALIZED_AUTOS = YES_AGGRESSIVE;
				GCC_WARN_UNUSED_FUNCTION = YES;
				GCC_WARN_UNUSED_VARIABLE = YES;
				IPHONEOS_DEPLOYMENT_TARGET = 13.0;
				MTL_ENABLE_DEBUG_INFO = INCLUDE_SOURCE;
				MTL_FAST_MATH = YES;
				ONLY_ACTIVE_ARCH = YES;
				SDKROOT = iphoneos;
				SWIFT_ACTIVE_COMPILATION_CONDITIONS = DEBUG;
				SWIFT_OPTIMIZATION_LEVEL = "-Onone";
			};
			name = Debug;
		};
		1072397A26B151F200FDED9A /* Release */ = {
			isa = XCBuildConfiguration;
			buildSettings = {
				ALWAYS_SEARCH_USER_PATHS = NO;
				CLANG_ANALYZER_NONNULL = YES;
				CLANG_ANALYZER_NUMBER_OBJECT_CONVERSION = YES_AGGRESSIVE;
				CLANG_CXX_LANGUAGE_STANDARD = "gnu++14";
				CLANG_CXX_LIBRARY = "libc++";
				CLANG_ENABLE_MODULES = YES;
				CLANG_ENABLE_OBJC_ARC = YES;
				CLANG_ENABLE_OBJC_WEAK = YES;
				CLANG_WARN_BLOCK_CAPTURE_AUTORELEASING = YES;
				CLANG_WARN_BOOL_CONVERSION = YES;
				CLANG_WARN_COMMA = YES;
				CLANG_WARN_CONSTANT_CONVERSION = YES;
				CLANG_WARN_DEPRECATED_OBJC_IMPLEMENTATIONS = YES;
				CLANG_WARN_DIRECT_OBJC_ISA_USAGE = YES_ERROR;
				CLANG_WARN_DOCUMENTATION_COMMENTS = YES;
				CLANG_WARN_EMPTY_BODY = YES;
				CLANG_WARN_ENUM_CONVERSION = YES;
				CLANG_WARN_INFINITE_RECURSION = YES;
				CLANG_WARN_INT_CONVERSION = YES;
				CLANG_WARN_NON_LITERAL_NULL_CONVERSION = YES;
				CLANG_WARN_OBJC_IMPLICIT_RETAIN_SELF = YES;
				CLANG_WARN_OBJC_LITERAL_CONVERSION = YES;
				CLANG_WARN_OBJC_ROOT_CLASS = YES_ERROR;
				CLANG_WARN_QUOTED_INCLUDE_IN_FRAMEWORK_HEADER = YES;
				CLANG_WARN_RANGE_LOOP_ANALYSIS = YES;
				CLANG_WARN_STRICT_PROTOTYPES = YES;
				CLANG_WARN_SUSPICIOUS_MOVE = YES;
				CLANG_WARN_UNGUARDED_AVAILABILITY = YES_AGGRESSIVE;
				CLANG_WARN_UNREACHABLE_CODE = YES;
				CLANG_WARN__DUPLICATE_METHOD_MATCH = YES;
				COPY_PHASE_STRIP = NO;
				DEBUG_INFORMATION_FORMAT = "dwarf-with-dsym";
				ENABLE_NS_ASSERTIONS = NO;
				ENABLE_STRICT_OBJC_MSGSEND = YES;
				GCC_C_LANGUAGE_STANDARD = gnu11;
				GCC_NO_COMMON_BLOCKS = YES;
				GCC_WARN_64_TO_32_BIT_CONVERSION = YES;
				GCC_WARN_ABOUT_RETURN_TYPE = YES_ERROR;
				GCC_WARN_UNDECLARED_SELECTOR = YES;
				GCC_WARN_UNINITIALIZED_AUTOS = YES_AGGRESSIVE;
				GCC_WARN_UNUSED_FUNCTION = YES;
				GCC_WARN_UNUSED_VARIABLE = YES;
				IPHONEOS_DEPLOYMENT_TARGET = 13.0;
				MTL_ENABLE_DEBUG_INFO = NO;
				MTL_FAST_MATH = YES;
				SDKROOT = iphoneos;
				SWIFT_COMPILATION_MODE = wholemodule;
				SWIFT_OPTIMIZATION_LEVEL = "-O";
				VALIDATE_PRODUCT = YES;
			};
			name = Release;
		};
		1072397C26B151F200FDED9A /* Debug */ = {
			isa = XCBuildConfiguration;
			buildSettings = {
				ASSETCATALOG_COMPILER_APPICON_NAME = AppIcon;
				ASSETCATALOG_COMPILER_GLOBAL_ACCENT_COLOR_NAME = AccentColor;
				CLANG_ENABLE_MODULES = YES;
				CODE_SIGN_STYLE = Automatic;
				DEVELOPMENT_TEAM = 992S4CF5Q6;
				INFOPLIST_FILE = RSSchool_T9/Default/Info.plist;
				IPHONEOS_DEPLOYMENT_TARGET = 13.0;
				LD_RUNPATH_SEARCH_PATHS = (
					"$(inherited)",
					"@executable_path/Frameworks",
				);
				PRODUCT_BUNDLE_IDENTIFIER = "by.mikitashalima.RSSchool-T9";
				PRODUCT_NAME = "$(TARGET_NAME)";
				SWIFT_OBJC_BRIDGING_HEADER = "RSSchool_T9/Controllers/SettingsController/RSSchool_T9-Bridging-Header.h";
				SWIFT_OPTIMIZATION_LEVEL = "-Onone";
				SWIFT_VERSION = 5.0;
				TARGETED_DEVICE_FAMILY = 1;
			};
			name = Debug;
		};
		1072397D26B151F200FDED9A /* Release */ = {
			isa = XCBuildConfiguration;
			buildSettings = {
				ASSETCATALOG_COMPILER_APPICON_NAME = AppIcon;
				ASSETCATALOG_COMPILER_GLOBAL_ACCENT_COLOR_NAME = AccentColor;
				CLANG_ENABLE_MODULES = YES;
				CODE_SIGN_STYLE = Automatic;
				DEVELOPMENT_TEAM = 992S4CF5Q6;
				INFOPLIST_FILE = RSSchool_T9/Default/Info.plist;
				IPHONEOS_DEPLOYMENT_TARGET = 13.0;
				LD_RUNPATH_SEARCH_PATHS = (
					"$(inherited)",
					"@executable_path/Frameworks",
				);
				PRODUCT_BUNDLE_IDENTIFIER = "by.mikitashalima.RSSchool-T9";
				PRODUCT_NAME = "$(TARGET_NAME)";
				SWIFT_OBJC_BRIDGING_HEADER = "RSSchool_T9/Controllers/SettingsController/RSSchool_T9-Bridging-Header.h";
				SWIFT_VERSION = 5.0;
				TARGETED_DEVICE_FAMILY = 1;
			};
			name = Release;
		};
/* End XCBuildConfiguration section */

/* Begin XCConfigurationList section */
		1072396226B151F100FDED9A /* Build configuration list for PBXProject "RSSchool_T9" */ = {
			isa = XCConfigurationList;
			buildConfigurations = (
				1072397926B151F200FDED9A /* Debug */,
				1072397A26B151F200FDED9A /* Release */,
			);
			defaultConfigurationIsVisible = 0;
			defaultConfigurationName = Release;
		};
		1072397B26B151F200FDED9A /* Build configuration list for PBXNativeTarget "RSSchool_T9" */ = {
			isa = XCConfigurationList;
			buildConfigurations = (
				1072397C26B151F200FDED9A /* Debug */,
				1072397D26B151F200FDED9A /* Release */,
			);
			defaultConfigurationIsVisible = 0;
			defaultConfigurationName = Release;
		};
/* End XCConfigurationList section */
	};
	rootObject = 1072395F26B151F100FDED9A /* Project object */;
}
